
Microsoft Visual Studio Solution File, Format Version 12.00
# Visual Studio 15
VisualStudioVersion = 15.0.28010.2026
MinimumVisualStudioVersion = 10.0.40219.1
Project("{FAE04EC0-301F-11D3-BF4B-00C04F79EFBC}") = "Term Project", "Term Project\Term Project.csproj", "{2B190370-C0C7-49DA-8A87-B853A9093369}"
EndProject
Global
	GlobalSection(SolutionConfigurationPlatforms) = preSolution
		Debug|Any CPU = Debug|Any CPU
		Release|Any CPU = Release|Any CPU
	EndGlobalSection
	GlobalSection(ProjectConfigurationPlatforms) = postSolution
		{2B190370-C0C7-49DA-8A87-B853A9093369}.Debug|Any CPU.ActiveCfg = Debug|Any CPU
		{2B190370-C0C7-49DA-8A87-B853A9093369}.Debug|Any CPU.Build.0 = Debug|Any CPU
		{2B190370-C0C7-49DA-8A87-B853A9093369}.Release|Any CPU.ActiveCfg = Release|Any CPU
		{2B190370-C0C7-49DA-8A87-B853A9093369}.Release|Any CPU.Build.0 = Release|Any CPU
	EndGlobalSection
	GlobalSection(SolutionProperties) = preSolution
		HideSolutionNode = FALSE
	EndGlobalSection
	GlobalSection(ExtensibilityGlobals) = postSolution
		SolutionGuid = {54950757-06B4-4D50-AE9C-B4E97FAF4F7A}
	EndGlobalSection
EndGlobal
